// !$*UTF8*$!
{
	archiveVersion = 1;
	classes = {
	};
	objectVersion = 56;
	objects = {

/* Begin PBXBuildFile section */
		F439DBF82A7B72BF0085D744 /* LottoViewController.swift in Sources */ = {isa = PBXBuildFile; fileRef = F439DBF72A7B72BF0085D744 /* LottoViewController.swift */; };
		F463E09E2A773A5800B0077D /* AppDelegate.swift in Sources */ = {isa = PBXBuildFile; fileRef = F463E09D2A773A5800B0077D /* AppDelegate.swift */; };
		F463E0A02A773A5800B0077D /* SceneDelegate.swift in Sources */ = {isa = PBXBuildFile; fileRef = F463E09F2A773A5800B0077D /* SceneDelegate.swift */; };
		F463E0A22A773A5800B0077D /* AddViewController.swift in Sources */ = {isa = PBXBuildFile; fileRef = F463E0A12A773A5800B0077D /* AddViewController.swift */; };
		F463E0A52A773A5800B0077D /* Main.storyboard in Resources */ = {isa = PBXBuildFile; fileRef = F463E0A32A773A5800B0077D /* Main.storyboard */; };
		F463E0A72A773A5900B0077D /* Assets.xcassets in Resources */ = {isa = PBXBuildFile; fileRef = F463E0A62A773A5900B0077D /* Assets.xcassets */; };
		F463E0AA2A773A5900B0077D /* LaunchScreen.storyboard in Resources */ = {isa = PBXBuildFile; fileRef = F463E0A82A773A5900B0077D /* LaunchScreen.storyboard */; };
		F463E0B22A773AC900B0077D /* DiaryTableViewController.swift in Sources */ = {isa = PBXBuildFile; fileRef = F463E0B12A773AC900B0077D /* DiaryTableViewController.swift */; };
		F463E0B52A773BBE00B0077D /* DiaryTableViewCell.swift in Sources */ = {isa = PBXBuildFile; fileRef = F463E0B32A773BBE00B0077D /* DiaryTableViewCell.swift */; };
		F463E0B62A773BBE00B0077D /* DiaryTableViewCell.xib in Resources */ = {isa = PBXBuildFile; fileRef = F463E0B42A773BBE00B0077D /* DiaryTableViewCell.xib */; };
		F463E0B82A77530F00B0077D /* DetailViewController.swift in Sources */ = {isa = PBXBuildFile; fileRef = F463E0B72A77530F00B0077D /* DetailViewController.swift */; };
		F463E0BA2A77625E00B0077D /* Extension+UIViewController.swift in Sources */ = {isa = PBXBuildFile; fileRef = F463E0B92A77625E00B0077D /* Extension+UIViewController.swift */; };
		F463E0BC2A77796200B0077D /* SearchCollectionViewController.swift in Sources */ = {isa = PBXBuildFile; fileRef = F463E0BB2A77796200B0077D /* SearchCollectionViewController.swift */; };
		F463E0BF2A777ADD00B0077D /* SearchCollectionViewCell.swift in Sources */ = {isa = PBXBuildFile; fileRef = F463E0BD2A777ADD00B0077D /* SearchCollectionViewCell.swift */; };
		F463E0C02A777ADD00B0077D /* SearchCollectionViewCell.xib in Resources */ = {isa = PBXBuildFile; fileRef = F463E0BE2A777ADD00B0077D /* SearchCollectionViewCell.xib */; };
		F47810B72A8080580044C823 /* SwiftyJSON in Frameworks */ = {isa = PBXBuildFile; productRef = F47810B62A8080580044C823 /* SwiftyJSON */; };
		F47810BA2A8080750044C823 /* Alamofire in Frameworks */ = {isa = PBXBuildFile; productRef = F47810B92A8080750044C823 /* Alamofire */; };
		F4820C382A79F23700617B3C /* TimelineViewController.swift in Sources */ = {isa = PBXBuildFile; fileRef = F4820C372A79F23700617B3C /* TimelineViewController.swift */; };
		F4A764F22A789B5C0098E42E /* SettingTableViewController.swift in Sources */ = {isa = PBXBuildFile; fileRef = F4A764F12A789B5C0098E42E /* SettingTableViewController.swift */; };
/* End PBXBuildFile section */

/* Begin PBXFileReference section */
		F439DBF72A7B72BF0085D744 /* LottoViewController.swift */ = {isa = PBXFileReference; lastKnownFileType = sourcecode.swift; path = LottoViewController.swift; sourceTree = "<group>"; };
		F463E09A2A773A5800B0077D /* OneLineDiary.app */ = {isa = PBXFileReference; explicitFileType = wrapper.application; includeInIndex = 0; path = OneLineDiary.app; sourceTree = BUILT_PRODUCTS_DIR; };
		F463E09D2A773A5800B0077D /* AppDelegate.swift */ = {isa = PBXFileReference; lastKnownFileType = sourcecode.swift; path = AppDelegate.swift; sourceTree = "<group>"; };
		F463E09F2A773A5800B0077D /* SceneDelegate.swift */ = {isa = PBXFileReference; lastKnownFileType = sourcecode.swift; path = SceneDelegate.swift; sourceTree = "<group>"; };
		F463E0A12A773A5800B0077D /* AddViewController.swift */ = {isa = PBXFileReference; lastKnownFileType = sourcecode.swift; path = AddViewController.swift; sourceTree = "<group>"; };
		F463E0A42A773A5800B0077D /* Base */ = {isa = PBXFileReference; lastKnownFileType = file.storyboard; name = Base; path = Base.lproj/Main.storyboard; sourceTree = "<group>"; };
		F463E0A62A773A5900B0077D /* Assets.xcassets */ = {isa = PBXFileReference; lastKnownFileType = folder.assetcatalog; path = Assets.xcassets; sourceTree = "<group>"; };
		F463E0A92A773A5900B0077D /* Base */ = {isa = PBXFileReference; lastKnownFileType = file.storyboard; name = Base; path = Base.lproj/LaunchScreen.storyboard; sourceTree = "<group>"; };
		F463E0AB2A773A5900B0077D /* Info.plist */ = {isa = PBXFileReference; lastKnownFileType = text.plist.xml; path = Info.plist; sourceTree = "<group>"; };
		F463E0B12A773AC900B0077D /* DiaryTableViewController.swift */ = {isa = PBXFileReference; lastKnownFileType = sourcecode.swift; path = DiaryTableViewController.swift; sourceTree = "<group>"; };
		F463E0B32A773BBE00B0077D /* DiaryTableViewCell.swift */ = {isa = PBXFileReference; lastKnownFileType = sourcecode.swift; path = DiaryTableViewCell.swift; sourceTree = "<group>"; };
		F463E0B42A773BBE00B0077D /* DiaryTableViewCell.xib */ = {isa = PBXFileReference; lastKnownFileType = file.xib; path = DiaryTableViewCell.xib; sourceTree = "<group>"; };
		F463E0B72A77530F00B0077D /* DetailViewController.swift */ = {isa = PBXFileReference; lastKnownFileType = sourcecode.swift; path = DetailViewController.swift; sourceTree = "<group>"; };
		F463E0B92A77625E00B0077D /* Extension+UIViewController.swift */ = {isa = PBXFileReference; lastKnownFileType = sourcecode.swift; path = "Extension+UIViewController.swift"; sourceTree = "<group>"; };
		F463E0BB2A77796200B0077D /* SearchCollectionViewController.swift */ = {isa = PBXFileReference; lastKnownFileType = sourcecode.swift; path = SearchCollectionViewController.swift; sourceTree = "<group>"; };
		F463E0BD2A777ADD00B0077D /* SearchCollectionViewCell.swift */ = {isa = PBXFileReference; lastKnownFileType = sourcecode.swift; path = SearchCollectionViewCell.swift; sourceTree = "<group>"; };
		F463E0BE2A777ADD00B0077D /* SearchCollectionViewCell.xib */ = {isa = PBXFileReference; lastKnownFileType = file.xib; path = SearchCollectionViewCell.xib; sourceTree = "<group>"; };
		F4820C372A79F23700617B3C /* TimelineViewController.swift */ = {isa = PBXFileReference; lastKnownFileType = sourcecode.swift; path = TimelineViewController.swift; sourceTree = "<group>"; };
		F4A764F12A789B5C0098E42E /* SettingTableViewController.swift */ = {isa = PBXFileReference; lastKnownFileType = sourcecode.swift; path = SettingTableViewController.swift; sourceTree = "<group>"; };
/* End PBXFileReference section */

/* Begin PBXFrameworksBuildPhase section */
		F463E0972A773A5800B0077D /* Frameworks */ = {
			isa = PBXFrameworksBuildPhase;
			buildActionMask = 2147483647;
			files = (
				F47810B72A8080580044C823 /* SwiftyJSON in Frameworks */,
				F47810BA2A8080750044C823 /* Alamofire in Frameworks */,
			);
			runOnlyForDeploymentPostprocessing = 0;
		};
/* End PBXFrameworksBuildPhase section */

/* Begin PBXGroup section */
		F463E0912A773A5800B0077D = {
			isa = PBXGroup;
			children = (
				F463E09C2A773A5800B0077D /* OneLineDiary */,
				F463E09B2A773A5800B0077D /* Products */,
			);
			sourceTree = "<group>";
		};
		F463E09B2A773A5800B0077D /* Products */ = {
			isa = PBXGroup;
			children = (
				F463E09A2A773A5800B0077D /* OneLineDiary.app */,
			);
			name = Products;
			sourceTree = "<group>";
		};
		F463E09C2A773A5800B0077D /* OneLineDiary */ = {
			isa = PBXGroup;
			children = (
				F463E09D2A773A5800B0077D /* AppDelegate.swift */,
				F463E09F2A773A5800B0077D /* SceneDelegate.swift */,
				F463E0A12A773A5800B0077D /* AddViewController.swift */,
				F463E0A32A773A5800B0077D /* Main.storyboard */,
				F439DBF72A7B72BF0085D744 /* LottoViewController.swift */,
				F4820C372A79F23700617B3C /* TimelineViewController.swift */,
				F4A764F12A789B5C0098E42E /* SettingTableViewController.swift */,
				F463E0BD2A777ADD00B0077D /* SearchCollectionViewCell.swift */,
				F463E0BE2A777ADD00B0077D /* SearchCollectionViewCell.xib */,
				F463E0BB2A77796200B0077D /* SearchCollectionViewController.swift */,
				F463E0B32A773BBE00B0077D /* DiaryTableViewCell.swift */,
				F463E0B42A773BBE00B0077D /* DiaryTableViewCell.xib */,
				F463E0B12A773AC900B0077D /* DiaryTableViewController.swift */,
				F463E0B92A77625E00B0077D /* Extension+UIViewController.swift */,
				F463E0B72A77530F00B0077D /* DetailViewController.swift */,
				F463E0A62A773A5900B0077D /* Assets.xcassets */,
				F463E0A82A773A5900B0077D /* LaunchScreen.storyboard */,
				F463E0AB2A773A5900B0077D /* Info.plist */,
			);
			path = OneLineDiary;
			sourceTree = "<group>";
		};
/* End PBXGroup section */

/* Begin PBXNativeTarget section */
		F463E0992A773A5800B0077D /* OneLineDiary */ = {
			isa = PBXNativeTarget;
			buildConfigurationList = F463E0AE2A773A5900B0077D /* Build configuration list for PBXNativeTarget "OneLineDiary" */;
			buildPhases = (
				F463E0962A773A5800B0077D /* Sources */,
				F463E0972A773A5800B0077D /* Frameworks */,
				F463E0982A773A5800B0077D /* Resources */,
			);
			buildRules = (
			);
			dependencies = (
			);
			name = OneLineDiary;
			packageProductDependencies = (
				F47810B62A8080580044C823 /* SwiftyJSON */,
				F47810B92A8080750044C823 /* Alamofire */,
			);
			productName = OneLineDiary;
			productReference = F463E09A2A773A5800B0077D /* OneLineDiary.app */;
			productType = "com.apple.product-type.application";
		};
/* End PBXNativeTarget section */

/* Begin PBXProject section */
		F463E0922A773A5800B0077D /* Project object */ = {
			isa = PBXProject;
			attributes = {
				BuildIndependentTargetsInParallel = 1;
				LastSwiftUpdateCheck = 1430;
				LastUpgradeCheck = 1430;
				TargetAttributes = {
					F463E0992A773A5800B0077D = {
						CreatedOnToolsVersion = 14.3.1;
					};
				};
			};
			buildConfigurationList = F463E0952A773A5800B0077D /* Build configuration list for PBXProject "OneLineDiary" */;
			compatibilityVersion = "Xcode 14.0";
			developmentRegion = en;
			hasScannedForEncodings = 0;
			knownRegions = (
				en,
				Base,
			);
			mainGroup = F463E0912A773A5800B0077D;
			packageReferences = (
				F47810B52A8080580044C823 /* XCRemoteSwiftPackageReference "SwiftyJSON" */,
				F47810B82A8080750044C823 /* XCRemoteSwiftPackageReference "Alamofire" */,
			);
			productRefGroup = F463E09B2A773A5800B0077D /* Products */;
			projectDirPath = "";
			projectRoot = "";
			targets = (
				F463E0992A773A5800B0077D /* OneLineDiary */,
			);
		};
/* End PBXProject section */

/* Begin PBXResourcesBuildPhase section */
		F463E0982A773A5800B0077D /* Resources */ = {
			isa = PBXResourcesBuildPhase;
			buildActionMask = 2147483647;
			files = (
				F463E0AA2A773A5900B0077D /* LaunchScreen.storyboard in Resources */,
				F463E0A72A773A5900B0077D /* Assets.xcassets in Resources */,
				F463E0C02A777ADD00B0077D /* SearchCollectionViewCell.xib in Resources */,
				F463E0A52A773A5800B0077D /* Main.storyboard in Resources */,
				F463E0B62A773BBE00B0077D /* DiaryTableViewCell.xib in Resources */,
			);
			runOnlyForDeploymentPostprocessing = 0;
		};
/* End PBXResourcesBuildPhase section */

/* Begin PBXSourcesBuildPhase section */
		F463E0962A773A5800B0077D /* Sources */ = {
			isa = PBXSourcesBuildPhase;
			buildActionMask = 2147483647;
			files = (
				F463E0BC2A77796200B0077D /* SearchCollectionViewController.swift in Sources */,
				F4820C382A79F23700617B3C /* TimelineViewController.swift in Sources */,
				F463E0A22A773A5800B0077D /* AddViewController.swift in Sources */,
				F463E0BA2A77625E00B0077D /* Extension+UIViewController.swift in Sources */,
				F463E0B52A773BBE00B0077D /* DiaryTableViewCell.swift in Sources */,
				F4A764F22A789B5C0098E42E /* SettingTableViewController.swift in Sources */,
				F463E0B22A773AC900B0077D /* DiaryTableViewController.swift in Sources */,
				F463E0B82A77530F00B0077D /* DetailViewController.swift in Sources */,
				F463E09E2A773A5800B0077D /* AppDelegate.swift in Sources */,
				F439DBF82A7B72BF0085D744 /* LottoViewController.swift in Sources */,
				F463E0A02A773A5800B0077D /* SceneDelegate.swift in Sources */,
				F463E0BF2A777ADD00B0077D /* SearchCollectionViewCell.swift in Sources */,
			);
			runOnlyForDeploymentPostprocessing = 0;
		};
/* End PBXSourcesBuildPhase section */

/* Begin PBXVariantGroup section */
		F463E0A32A773A5800B0077D /* Main.storyboard */ = {
			isa = PBXVariantGroup;
			children = (
				F463E0A42A773A5800B0077D /* Base */,
			);
			name = Main.storyboard;
			sourceTree = "<group>";
		};
		F463E0A82A773A5900B0077D /* LaunchScreen.storyboard */ = {
			isa = PBXVariantGroup;
			children = (
				F463E0A92A773A5900B0077D /* Base */,
			);
			name = LaunchScreen.storyboard;
			sourceTree = "<group>";
		};
/* End PBXVariantGroup section */

/* Begin XCBuildConfiguration section */
		F463E0AC2A773A5900B0077D /* Debug */ = {
			isa = XCBuildConfiguration;
			buildSettings = {
				ALWAYS_SEARCH_USER_PATHS = NO;
				CLANG_ANALYZER_NONNULL = YES;
				CLANG_ANALYZER_NUMBER_OBJECT_CONVERSION = YES_AGGRESSIVE;
				CLANG_CXX_LANGUAGE_STANDARD = "gnu++20";
				CLANG_ENABLE_MODULES = YES;
				CLANG_ENABLE_OBJC_ARC = YES;
				CLANG_ENABLE_OBJC_WEAK = YES;
				CLANG_WARN_BLOCK_CAPTURE_AUTORELEASING = YES;
				CLANG_WARN_BOOL_CONVERSION = YES;
				CLANG_WARN_COMMA = YES;
				CLANG_WARN_CONSTANT_CONVERSION = YES;
				CLANG_WARN_DEPRECATED_OBJC_IMPLEMENTATIONS = YES;
				CLANG_WARN_DIRECT_OBJC_ISA_USAGE = YES_ERROR;
				CLANG_WARN_DOCUMENTATION_COMMENTS = YES;
				CLANG_WARN_EMPTY_BODY = YES;
				CLANG_WARN_ENUM_CONVERSION = YES;
				CLANG_WARN_INFINITE_RECURSION = YES;
				CLANG_WARN_INT_CONVERSION = YES;
				CLANG_WARN_NON_LITERAL_NULL_CONVERSION = YES;
				CLANG_WARN_OBJC_IMPLICIT_RETAIN_SELF = YES;
				CLANG_WARN_OBJC_LITERAL_CONVERSION = YES;
				CLANG_WARN_OBJC_ROOT_CLASS = YES_ERROR;
				CLANG_WARN_QUOTED_INCLUDE_IN_FRAMEWORK_HEADER = YES;
				CLANG_WARN_RANGE_LOOP_ANALYSIS = YES;
				CLANG_WARN_STRICT_PROTOTYPES = YES;
				CLANG_WARN_SUSPICIOUS_MOVE = YES;
				CLANG_WARN_UNGUARDED_AVAILABILITY = YES_AGGRESSIVE;
				CLANG_WARN_UNREACHABLE_CODE = YES;
				CLANG_WARN__DUPLICATE_METHOD_MATCH = YES;
				COPY_PHASE_STRIP = NO;
				DEBUG_INFORMATION_FORMAT = dwarf;
				ENABLE_STRICT_OBJC_MSGSEND = YES;
				ENABLE_TESTABILITY = YES;
				GCC_C_LANGUAGE_STANDARD = gnu11;
				GCC_DYNAMIC_NO_PIC = NO;
				GCC_NO_COMMON_BLOCKS = YES;
				GCC_OPTIMIZATION_LEVEL = 0;
				GCC_PREPROCESSOR_DEFINITIONS = (
					"DEBUG=1",
					"$(inherited)",
				);
				GCC_WARN_64_TO_32_BIT_CONVERSION = YES;
				GCC_WARN_ABOUT_RETURN_TYPE = YES_ERROR;
				GCC_WARN_UNDECLARED_SELECTOR = YES;
				GCC_WARN_UNINITIALIZED_AUTOS = YES_AGGRESSIVE;
				GCC_WARN_UNUSED_FUNCTION = YES;
				GCC_WARN_UNUSED_VARIABLE = YES;
				IPHONEOS_DEPLOYMENT_TARGET = 16.4;
				MTL_ENABLE_DEBUG_INFO = INCLUDE_SOURCE;
				MTL_FAST_MATH = YES;
				ONLY_ACTIVE_ARCH = YES;
				SDKROOT = iphoneos;
				SWIFT_ACTIVE_COMPILATION_CONDITIONS = DEBUG;
				SWIFT_OPTIMIZATION_LEVEL = "-Onone";
			};
			name = Debug;
		};
		F463E0AD2A773A5900B0077D /* Release */ = {
			isa = XCBuildConfiguration;
			buildSettings = {
				ALWAYS_SEARCH_USER_PATHS = NO;
				CLANG_ANALYZER_NONNULL = YES;
				CLANG_ANALYZER_NUMBER_OBJECT_CONVERSION = YES_AGGRESSIVE;
				CLANG_CXX_LANGUAGE_STANDARD = "gnu++20";
				CLANG_ENABLE_MODULES = YES;
				CLANG_ENABLE_OBJC_ARC = YES;
				CLANG_ENABLE_OBJC_WEAK = YES;
				CLANG_WARN_BLOCK_CAPTURE_AUTORELEASING = YES;
				CLANG_WARN_BOOL_CONVERSION = YES;
				CLANG_WARN_COMMA = YES;
				CLANG_WARN_CONSTANT_CONVERSION = YES;
				CLANG_WARN_DEPRECATED_OBJC_IMPLEMENTATIONS = YES;
				CLANG_WARN_DIRECT_OBJC_ISA_USAGE = YES_ERROR;
				CLANG_WARN_DOCUMENTATION_COMMENTS = YES;
				CLANG_WARN_EMPTY_BODY = YES;
				CLANG_WARN_ENUM_CONVERSION = YES;
				CLANG_WARN_INFINITE_RECURSION = YES;
				CLANG_WARN_INT_CONVERSION = YES;
				CLANG_WARN_NON_LITERAL_NULL_CONVERSION = YES;
				CLANG_WARN_OBJC_IMPLICIT_RETAIN_SELF = YES;
				CLANG_WARN_OBJC_LITERAL_CONVERSION = YES;
				CLANG_WARN_OBJC_ROOT_CLASS = YES_ERROR;
				CLANG_WARN_QUOTED_INCLUDE_IN_FRAMEWORK_HEADER = YES;
				CLANG_WARN_RANGE_LOOP_ANALYSIS = YES;
				CLANG_WARN_STRICT_PROTOTYPES = YES;
				CLANG_WARN_SUSPICIOUS_MOVE = YES;
				CLANG_WARN_UNGUARDED_AVAILABILITY = YES_AGGRESSIVE;
				CLANG_WARN_UNREACHABLE_CODE = YES;
				CLANG_WARN__DUPLICATE_METHOD_MATCH = YES;
				COPY_PHASE_STRIP = NO;
				DEBUG_INFORMATION_FORMAT = "dwarf-with-dsym";
				ENABLE_NS_ASSERTIONS = NO;
				ENABLE_STRICT_OBJC_MSGSEND = YES;
				GCC_C_LANGUAGE_STANDARD = gnu11;
				GCC_NO_COMMON_BLOCKS = YES;
				GCC_WARN_64_TO_32_BIT_CONVERSION = YES;
				GCC_WARN_ABOUT_RETURN_TYPE = YES_ERROR;
				GCC_WARN_UNDECLARED_SELECTOR = YES;
				GCC_WARN_UNINITIALIZED_AUTOS = YES_AGGRESSIVE;
				GCC_WARN_UNUSED_FUNCTION = YES;
				GCC_WARN_UNUSED_VARIABLE = YES;
				IPHONEOS_DEPLOYMENT_TARGET = 16.4;
				MTL_ENABLE_DEBUG_INFO = NO;
				MTL_FAST_MATH = YES;
				SDKROOT = iphoneos;
				SWIFT_COMPILATION_MODE = wholemodule;
				SWIFT_OPTIMIZATION_LEVEL = "-O";
				VALIDATE_PRODUCT = YES;
			};
			name = Release;
		};
		F463E0AF2A773A5900B0077D /* Debug */ = {
			isa = XCBuildConfiguration;
			buildSettings = {
				ASSETCATALOG_COMPILER_APPICON_NAME = AppIcon;
				ASSETCATALOG_COMPILER_GLOBAL_ACCENT_COLOR_NAME = AccentColor;
				CODE_SIGN_STYLE = Automatic;
				CURRENT_PROJECT_VERSION = 1;
				DEVELOPMENT_TEAM = "";
				GENERATE_INFOPLIST_FILE = YES;
				INFOPLIST_FILE = OneLineDiary/Info.plist;
				INFOPLIST_KEY_UIApplicationSupportsIndirectInputEvents = YES;
				INFOPLIST_KEY_UILaunchStoryboardName = LaunchScreen;
				INFOPLIST_KEY_UIMainStoryboardFile = Main;
				INFOPLIST_KEY_UISupportedInterfaceOrientations_iPad = "UIInterfaceOrientationPortrait UIInterfaceOrientationPortraitUpsideDown UIInterfaceOrientationLandscapeLeft UIInterfaceOrientationLandscapeRight";
				INFOPLIST_KEY_UISupportedInterfaceOrientations_iPhone = "UIInterfaceOrientationPortrait UIInterfaceOrientationLandscapeLeft UIInterfaceOrientationLandscapeRight";
				LD_RUNPATH_SEARCH_PATHS = (
					"$(inherited)",
					"@executable_path/Frameworks",
				);
				MARKETING_VERSION = 1.0;
				PRODUCT_BUNDLE_IDENTIFIER = com.Jeong.OneLineDiary;
				PRODUCT_NAME = "$(TARGET_NAME)";
				SUPPORTED_PLATFORMS = "iphoneos iphonesimulator";
				SUPPORTS_MACCATALYST = NO;
				SUPPORTS_MAC_DESIGNED_FOR_IPHONE_IPAD = NO;
				SWIFT_EMIT_LOC_STRINGS = YES;
				SWIFT_VERSION = 5.0;
				TARGETED_DEVICE_FAMILY = 1;
			};
			name = Debug;
		};
		F463E0B02A773A5900B0077D /* Release */ = {
			isa = XCBuildConfiguration;
			buildSettings = {
				ASSETCATALOG_COMPILER_APPICON_NAME = AppIcon;
				ASSETCATALOG_COMPILER_GLOBAL_ACCENT_COLOR_NAME = AccentColor;
				CODE_SIGN_STYLE = Automatic;
				CURRENT_PROJECT_VERSION = 1;
				DEVELOPMENT_TEAM = "";
				GENERATE_INFOPLIST_FILE = YES;
				INFOPLIST_FILE = OneLineDiary/Info.plist;
				INFOPLIST_KEY_UIApplicationSupportsIndirectInputEvents = YES;
				INFOPLIST_KEY_UILaunchStoryboardName = LaunchScreen;
				INFOPLIST_KEY_UIMainStoryboardFile = Main;
				INFOPLIST_KEY_UISupportedInterfaceOrientations_iPad = "UIInterfaceOrientationPortrait UIInterfaceOrientationPortraitUpsideDown UIInterfaceOrientationLandscapeLeft UIInterfaceOrientationLandscapeRight";
				INFOPLIST_KEY_UISupportedInterfaceOrientations_iPhone = "UIInterfaceOrientationPortrait UIInterfaceOrientationLandscapeLeft UIInterfaceOrientationLandscapeRight";
				LD_RUNPATH_SEARCH_PATHS = (
					"$(inherited)",
					"@executable_path/Frameworks",
				);
				MARKETING_VERSION = 1.0;
				PRODUCT_BUNDLE_IDENTIFIER = com.Jeong.OneLineDiary;
				PRODUCT_NAME = "$(TARGET_NAME)";
				SUPPORTED_PLATFORMS = "iphoneos iphonesimulator";
				SUPPORTS_MACCATALYST = NO;
				SUPPORTS_MAC_DESIGNED_FOR_IPHONE_IPAD = NO;
				SWIFT_EMIT_LOC_STRINGS = YES;
				SWIFT_VERSION = 5.0;
				TARGETED_DEVICE_FAMILY = 1;
			};
			name = Release;
		};
/* End XCBuildConfiguration section */

/* Begin XCConfigurationList section */
		F463E0952A773A5800B0077D /* Build configuration list for PBXProject "OneLineDiary" */ = {
			isa = XCConfigurationList;
			buildConfigurations = (
				F463E0AC2A773A5900B0077D /* Debug */,
				F463E0AD2A773A5900B0077D /* Release */,
			);
			defaultConfigurationIsVisible = 0;
			defaultConfigurationName = Release;
		};
		F463E0AE2A773A5900B0077D /* Build configuration list for PBXNativeTarget "OneLineDiary" */ = {
			isa = XCConfigurationList;
			buildConfigurations = (
				F463E0AF2A773A5900B0077D /* Debug */,
				F463E0B02A773A5900B0077D /* Release */,
			);
			defaultConfigurationIsVisible = 0;
			defaultConfigurationName = Release;
		};
/* End XCConfigurationList section */

/* Begin XCRemoteSwiftPackageReference section */
		F47810B52A8080580044C823 /* XCRemoteSwiftPackageReference "SwiftyJSON" */ = {
			isa = XCRemoteSwiftPackageReference;
			repositoryURL = "https://github.com/SwiftyJSON/SwiftyJSON.git";
			requirement = {
				kind = upToNextMajorVersion;
				minimumVersion = 5.0.0;
			};
		};
		F47810B82A8080750044C823 /* XCRemoteSwiftPackageReference "Alamofire" */ = {
			isa = XCRemoteSwiftPackageReference;
			repositoryURL = "https://github.com/Alamofire/Alamofire.git";
			requirement = {
				kind = upToNextMajorVersion;
				minimumVersion = 5.0.0;
			};
		};
/* End XCRemoteSwiftPackageReference section */

/* Begin XCSwiftPackageProductDependency section */
		F47810B62A8080580044C823 /* SwiftyJSON */ = {
			isa = XCSwiftPackageProductDependency;
			package = F47810B52A8080580044C823 /* XCRemoteSwiftPackageReference "SwiftyJSON" */;
			productName = SwiftyJSON;
		};
		F47810B92A8080750044C823 /* Alamofire */ = {
			isa = XCSwiftPackageProductDependency;
			package = F47810B82A8080750044C823 /* XCRemoteSwiftPackageReference "Alamofire" */;
			productName = Alamofire;
		};
/* End XCSwiftPackageProductDependency section */
	};
	rootObject = F463E0922A773A5800B0077D /* Project object */;
}
